
Microsoft Visual Studio Solution File, Format Version 12.00
# Visual Studio 15
VisualStudioVersion = 15.0.26430.6
MinimumVisualStudioVersion = 10.0.40219.1
Project("{FAE04EC0-301F-11D3-BF4B-00C04F79EFBC}") = "Lessons", "ConsoleApp1\Lessons.csproj", "{B000D8ED-B0C1-44B2-A7BF-7401CFFA4A0B}"
EndProject
Project("{FAE04EC0-301F-11D3-BF4B-00C04F79EFBC}") = "Day 2 Lessons Scratch", "Day 2 Lessons Scratch\Day 2 Lessons Scratch.csproj", "{A679E5B8-C52C-46CB-A72A-12FDFA925E89}"
EndProject
Project("{FAE04EC0-301F-11D3-BF4B-00C04F79EFBC}") = "Day 3 Lessons Scratch", "Day 3 Lessons Scratch\Day 3 Lessons Scratch.csproj", "{77807C02-5D37-4FBE-BA3B-8ECA21BBC002}"
EndProject
Project("{FAE04EC0-301F-11D3-BF4B-00C04F79EFBC}") = "Day 4 Lessons Scratch", "Day 4 Lessons Scratch\Day 4 Lessons Scratch.csproj", "{302B7DE6-C495-4032-985E-2ADD684FF93C}"
EndProject
Project("{FAE04EC0-301F-11D3-BF4B-00C04F79EFBC}") = "Day 5 Lessons Scratch", "Day 5 Lessons Scratch\Day 5 Lessons Scratch.csproj", "{DFF92C4F-8D6E-4060-AD56-9D6F6DC2EE12}"
EndProject
Project("{FAE04EC0-301F-11D3-BF4B-00C04F79EFBC}") = "Day 6 Lessons Scratch", "Day 6 Lessons Scratch\Day 6 Lessons Scratch.csproj", "{D9D6B6FB-129A-4003-A048-F05D0BB7FDA2}"
EndProject
Project("{FAE04EC0-301F-11D3-BF4B-00C04F79EFBC}") = "Day 7 Lessons Scratch", "Day 7 Lessons Scratch\Day 7 Lessons Scratch.csproj", "{8DE3905C-EE54-49B5-9A83-D66E5A63E63D}"
EndProject
Project("{FAE04EC0-301F-11D3-BF4B-00C04F79EFBC}") = "Day 8 Lessons Scratch", "Day 8 Lessons Scratch\Day 8 Lessons Scratch.csproj", "{100FB439-E8CC-46E6-8FC1-B84F6775486E}"
EndProject
Project("{FAE04EC0-301F-11D3-BF4B-00C04F79EFBC}") = "Day 8 Delegates", "Day 8 Delegates\Day 8 Delegates.csproj", "{3F4CED3B-91D9-4A51-9387-56BC29F495C8}"
EndProject
Project("{FAE04EC0-301F-11D3-BF4B-00C04F79EFBC}") = "Day 9 Lessons Scratch", "Day 9 Lessons Scratch\Day 9 Lessons Scratch.csproj", "{35D7D5D2-1E98-468E-86B3-3B99C9D72AD8}"
EndProject
Project("{FAE04EC0-301F-11D3-BF4B-00C04F79EFBC}") = "Day 9 Repeat", "Day 9 Repeat\Day 9 Repeat.csproj", "{1969FCE4-7885-49C2-830F-72657260B70B}"
EndProject
Project("{FAE04EC0-301F-11D3-BF4B-00C04F79EFBC}") = "Day 9.2 Repeat", "Day 9.2 Repeat\Day 9.2 Repeat.csproj", "{F13E1E61-145C-4811-A744-E819DCAD9CCE}"
EndProject
Global
	GlobalSection(SolutionConfigurationPlatforms) = preSolution
		Debug|Any CPU = Debug|Any CPU
		Release|Any CPU = Release|Any CPU
	EndGlobalSection
	GlobalSection(ProjectConfigurationPlatforms) = postSolution
		{B000D8ED-B0C1-44B2-A7BF-7401CFFA4A0B}.Debug|Any CPU.ActiveCfg = Debug|Any CPU
		{B000D8ED-B0C1-44B2-A7BF-7401CFFA4A0B}.Debug|Any CPU.Build.0 = Debug|Any CPU
		{B000D8ED-B0C1-44B2-A7BF-7401CFFA4A0B}.Release|Any CPU.ActiveCfg = Release|Any CPU
		{B000D8ED-B0C1-44B2-A7BF-7401CFFA4A0B}.Release|Any CPU.Build.0 = Release|Any CPU
		{A679E5B8-C52C-46CB-A72A-12FDFA925E89}.Debug|Any CPU.ActiveCfg = Debug|Any CPU
		{A679E5B8-C52C-46CB-A72A-12FDFA925E89}.Debug|Any CPU.Build.0 = Debug|Any CPU
		{A679E5B8-C52C-46CB-A72A-12FDFA925E89}.Release|Any CPU.ActiveCfg = Release|Any CPU
		{A679E5B8-C52C-46CB-A72A-12FDFA925E89}.Release|Any CPU.Build.0 = Release|Any CPU
		{77807C02-5D37-4FBE-BA3B-8ECA21BBC002}.Debug|Any CPU.ActiveCfg = Debug|Any CPU
		{77807C02-5D37-4FBE-BA3B-8ECA21BBC002}.Debug|Any CPU.Build.0 = Debug|Any CPU
		{77807C02-5D37-4FBE-BA3B-8ECA21BBC002}.Release|Any CPU.ActiveCfg = Release|Any CPU
		{77807C02-5D37-4FBE-BA3B-8ECA21BBC002}.Release|Any CPU.Build.0 = Release|Any CPU
		{302B7DE6-C495-4032-985E-2ADD684FF93C}.Debug|Any CPU.ActiveCfg = Debug|Any CPU
		{302B7DE6-C495-4032-985E-2ADD684FF93C}.Debug|Any CPU.Build.0 = Debug|Any CPU
		{302B7DE6-C495-4032-985E-2ADD684FF93C}.Release|Any CPU.ActiveCfg = Release|Any CPU
		{302B7DE6-C495-4032-985E-2ADD684FF93C}.Release|Any CPU.Build.0 = Release|Any CPU
		{DFF92C4F-8D6E-4060-AD56-9D6F6DC2EE12}.Debug|Any CPU.ActiveCfg = Debug|Any CPU
		{DFF92C4F-8D6E-4060-AD56-9D6F6DC2EE12}.Debug|Any CPU.Build.0 = Debug|Any CPU
		{DFF92C4F-8D6E-4060-AD56-9D6F6DC2EE12}.Release|Any CPU.ActiveCfg = Release|Any CPU
		{DFF92C4F-8D6E-4060-AD56-9D6F6DC2EE12}.Release|Any CPU.Build.0 = Release|Any CPU
		{D9D6B6FB-129A-4003-A048-F05D0BB7FDA2}.Debug|Any CPU.ActiveCfg = Debug|Any CPU
		{D9D6B6FB-129A-4003-A048-F05D0BB7FDA2}.Debug|Any CPU.Build.0 = Debug|Any CPU
		{D9D6B6FB-129A-4003-A048-F05D0BB7FDA2}.Release|Any CPU.ActiveCfg = Release|Any CPU
		{D9D6B6FB-129A-4003-A048-F05D0BB7FDA2}.Release|Any CPU.Build.0 = Release|Any CPU
		{8DE3905C-EE54-49B5-9A83-D66E5A63E63D}.Debug|Any CPU.ActiveCfg = Debug|Any CPU
		{8DE3905C-EE54-49B5-9A83-D66E5A63E63D}.Debug|Any CPU.Build.0 = Debug|Any CPU
		{8DE3905C-EE54-49B5-9A83-D66E5A63E63D}.Release|Any CPU.ActiveCfg = Release|Any CPU
		{8DE3905C-EE54-49B5-9A83-D66E5A63E63D}.Release|Any CPU.Build.0 = Release|Any CPU
		{100FB439-E8CC-46E6-8FC1-B84F6775486E}.Debug|Any CPU.ActiveCfg = Debug|Any CPU
		{100FB439-E8CC-46E6-8FC1-B84F6775486E}.Debug|Any CPU.Build.0 = Debug|Any CPU
		{100FB439-E8CC-46E6-8FC1-B84F6775486E}.Release|Any CPU.ActiveCfg = Release|Any CPU
		{100FB439-E8CC-46E6-8FC1-B84F6775486E}.Release|Any CPU.Build.0 = Release|Any CPU
		{3F4CED3B-91D9-4A51-9387-56BC29F495C8}.Debug|Any CPU.ActiveCfg = Debug|Any CPU
		{3F4CED3B-91D9-4A51-9387-56BC29F495C8}.Debug|Any CPU.Build.0 = Debug|Any CPU
		{3F4CED3B-91D9-4A51-9387-56BC29F495C8}.Release|Any CPU.ActiveCfg = Release|Any CPU
		{3F4CED3B-91D9-4A51-9387-56BC29F495C8}.Release|Any CPU.Build.0 = Release|Any CPU
		{35D7D5D2-1E98-468E-86B3-3B99C9D72AD8}.Debug|Any CPU.ActiveCfg = Debug|Any CPU
		{35D7D5D2-1E98-468E-86B3-3B99C9D72AD8}.Debug|Any CPU.Build.0 = Debug|Any CPU
		{35D7D5D2-1E98-468E-86B3-3B99C9D72AD8}.Release|Any CPU.ActiveCfg = Release|Any CPU
		{35D7D5D2-1E98-468E-86B3-3B99C9D72AD8}.Release|Any CPU.Build.0 = Release|Any CPU
		{1969FCE4-7885-49C2-830F-72657260B70B}.Debug|Any CPU.ActiveCfg = Debug|Any CPU
		{1969FCE4-7885-49C2-830F-72657260B70B}.Debug|Any CPU.Build.0 = Debug|Any CPU
		{1969FCE4-7885-49C2-830F-72657260B70B}.Release|Any CPU.ActiveCfg = Release|Any CPU
		{1969FCE4-7885-49C2-830F-72657260B70B}.Release|Any CPU.Build.0 = Release|Any CPU
		{F13E1E61-145C-4811-A744-E819DCAD9CCE}.Debug|Any CPU.ActiveCfg = Debug|Any CPU
		{F13E1E61-145C-4811-A744-E819DCAD9CCE}.Debug|Any CPU.Build.0 = Debug|Any CPU
		{F13E1E61-145C-4811-A744-E819DCAD9CCE}.Release|Any CPU.ActiveCfg = Release|Any CPU
		{F13E1E61-145C-4811-A744-E819DCAD9CCE}.Release|Any CPU.Build.0 = Release|Any CPU
	EndGlobalSection
	GlobalSection(SolutionProperties) = preSolution
		HideSolutionNode = FALSE
	EndGlobalSection
EndGlobal
