
Microsoft Visual Studio Solution File, Format Version 12.00
# Visual Studio 15
VisualStudioVersion = 15.0.26403.7
MinimumVisualStudioVersion = 10.0.40219.1
Project("{FAE04EC0-301F-11D3-BF4B-00C04F79EFBC}") = "Lessons", "ConsoleApp1\Lessons.csproj", "{B000D8ED-B0C1-44B2-A7BF-7401CFFA4A0B}"
EndProject
Project("{FAE04EC0-301F-11D3-BF4B-00C04F79EFBC}") = "Day 2 Lessons Scratch", "Day 2 Lessons Scratch\Day 2 Lessons Scratch.csproj", "{A679E5B8-C52C-46CB-A72A-12FDFA925E89}"
EndProject
Project("{FAE04EC0-301F-11D3-BF4B-00C04F79EFBC}") = "Day 3 Lessons Scratch", "Day 3 Lessons Scratch\Day 3 Lessons Scratch.csproj", "{77807C02-5D37-4FBE-BA3B-8ECA21BBC002}"
EndProject
Project("{FAE04EC0-301F-11D3-BF4B-00C04F79EFBC}") = "Day 4 Lessons Scratch", "Day 4 Lessons Scratch\Day 4 Lessons Scratch.csproj", "{302B7DE6-C495-4032-985E-2ADD684FF93C}"
EndProject
Global
	GlobalSection(SolutionConfigurationPlatforms) = preSolution
		Debug|Any CPU = Debug|Any CPU
		Release|Any CPU = Release|Any CPU
	EndGlobalSection
	GlobalSection(ProjectConfigurationPlatforms) = postSolution
		{B000D8ED-B0C1-44B2-A7BF-7401CFFA4A0B}.Debug|Any CPU.ActiveCfg = Debug|Any CPU
		{B000D8ED-B0C1-44B2-A7BF-7401CFFA4A0B}.Debug|Any CPU.Build.0 = Debug|Any CPU
		{B000D8ED-B0C1-44B2-A7BF-7401CFFA4A0B}.Release|Any CPU.ActiveCfg = Release|Any CPU
		{B000D8ED-B0C1-44B2-A7BF-7401CFFA4A0B}.Release|Any CPU.Build.0 = Release|Any CPU
		{A679E5B8-C52C-46CB-A72A-12FDFA925E89}.Debug|Any CPU.ActiveCfg = Debug|Any CPU
		{A679E5B8-C52C-46CB-A72A-12FDFA925E89}.Debug|Any CPU.Build.0 = Debug|Any CPU
		{A679E5B8-C52C-46CB-A72A-12FDFA925E89}.Release|Any CPU.ActiveCfg = Release|Any CPU
		{A679E5B8-C52C-46CB-A72A-12FDFA925E89}.Release|Any CPU.Build.0 = Release|Any CPU
		{77807C02-5D37-4FBE-BA3B-8ECA21BBC002}.Debug|Any CPU.ActiveCfg = Debug|Any CPU
		{77807C02-5D37-4FBE-BA3B-8ECA21BBC002}.Debug|Any CPU.Build.0 = Debug|Any CPU
		{77807C02-5D37-4FBE-BA3B-8ECA21BBC002}.Release|Any CPU.ActiveCfg = Release|Any CPU
		{77807C02-5D37-4FBE-BA3B-8ECA21BBC002}.Release|Any CPU.Build.0 = Release|Any CPU
		{302B7DE6-C495-4032-985E-2ADD684FF93C}.Debug|Any CPU.ActiveCfg = Debug|Any CPU
		{302B7DE6-C495-4032-985E-2ADD684FF93C}.Debug|Any CPU.Build.0 = Debug|Any CPU
		{302B7DE6-C495-4032-985E-2ADD684FF93C}.Release|Any CPU.ActiveCfg = Release|Any CPU
		{302B7DE6-C495-4032-985E-2ADD684FF93C}.Release|Any CPU.Build.0 = Release|Any CPU
	EndGlobalSection
	GlobalSection(SolutionProperties) = preSolution
		HideSolutionNode = FALSE
	EndGlobalSection
EndGlobal
