
Microsoft Visual Studio Solution File, Format Version 12.00
# Visual Studio 15
VisualStudioVersion = 15.0.26430.12
MinimumVisualStudioVersion = 10.0.40219.1
Project("{FAE04EC0-301F-11D3-BF4B-00C04F79EFBC}") = "Lessons", "ConsoleApp1\Lessons.csproj", "{B000D8ED-B0C1-44B2-A7BF-7401CFFA4A0B}"
EndProject
Project("{FAE04EC0-301F-11D3-BF4B-00C04F79EFBC}") = "Day 7 Lessons Scratch", "Day 7 Lessons Scratch\Day 7 Lessons Scratch.csproj", "{8DE3905C-EE54-49B5-9A83-D66E5A63E63D}"
EndProject
Project("{FAE04EC0-301F-11D3-BF4B-00C04F79EFBC}") = "Day 8 Repeat", "Day 8 Lessons Scratch\Day 8 Repeat.csproj", "{100FB439-E8CC-46E6-8FC1-B84F6775486E}"
EndProject
Project("{FAE04EC0-301F-11D3-BF4B-00C04F79EFBC}") = "Day 8 Delegates", "Day 8 Delegates\Day 8 Delegates.csproj", "{3F4CED3B-91D9-4A51-9387-56BC29F495C8}"
EndProject
Project("{FAE04EC0-301F-11D3-BF4B-00C04F79EFBC}") = "Day 9 Lessons Scratch", "Day 9 Lessons Scratch\Day 9 Lessons Scratch.csproj", "{35D7D5D2-1E98-468E-86B3-3B99C9D72AD8}"
EndProject
Project("{FAE04EC0-301F-11D3-BF4B-00C04F79EFBC}") = "Day 9 Repeat", "Day 9 Repeat\Day 9 Repeat.csproj", "{1969FCE4-7885-49C2-830F-72657260B70B}"
EndProject
Project("{FAE04EC0-301F-11D3-BF4B-00C04F79EFBC}") = "Day 9.2 Repeat", "Day 9.2 Repeat\Day 9.2 Repeat.csproj", "{F13E1E61-145C-4811-A744-E819DCAD9CCE}"
EndProject
Project("{FAE04EC0-301F-11D3-BF4B-00C04F79EFBC}") = "Day 10 Repeat", "Day 10.1\Day 10 Repeat.csproj", "{7D97E169-989F-4624-9A69-82C27989E62D}"
EndProject
Project("{2150E333-8FDC-42A3-9474-1A3956D46DE8}") = "Homework", "Homework", "{3F4EF25C-43E8-4FEB-835B-5932DF2F1DCF}"
EndProject
Project("{2150E333-8FDC-42A3-9474-1A3956D46DE8}") = "Repeat", "Repeat", "{5FB878FA-C988-418C-AD99-1CCA6473E293}"
EndProject
Project("{FAE04EC0-301F-11D3-BF4B-00C04F79EFBC}") = "Day 6 Lessons Scratch", "Day 6 Lessons Scratch\Day 6 Lessons Scratch.csproj", "{D9D6B6FB-129A-4003-A048-F05D0BB7FDA2}"
EndProject
Project("{FAE04EC0-301F-11D3-BF4B-00C04F79EFBC}") = "Day 5 Lessons Scratch", "Day 5 Lessons Scratch\Day 5 Lessons Scratch.csproj", "{DFF92C4F-8D6E-4060-AD56-9D6F6DC2EE12}"
EndProject
Project("{FAE04EC0-301F-11D3-BF4B-00C04F79EFBC}") = "Day 4 Lessons Scratch", "Day 4 Lessons Scratch\Day 4 Lessons Scratch.csproj", "{302B7DE6-C495-4032-985E-2ADD684FF93C}"
EndProject
Project("{FAE04EC0-301F-11D3-BF4B-00C04F79EFBC}") = "Day 3 Lessons Scratch", "Day 3 Lessons Scratch\Day 3 Lessons Scratch.csproj", "{77807C02-5D37-4FBE-BA3B-8ECA21BBC002}"
EndProject
Project("{FAE04EC0-301F-11D3-BF4B-00C04F79EFBC}") = "Day 2 Lessons Scratch", "Day 2 Lessons Scratch\Day 2 Lessons Scratch.csproj", "{A679E5B8-C52C-46CB-A72A-12FDFA925E89}"
EndProject
Project("{FAE04EC0-301F-11D3-BF4B-00C04F79EFBC}") = "Day 10 Homework", "Day 10 Homework\Day 10 Homework.csproj", "{4EFE9B5C-F88D-4122-8832-707D3E87FCAA}"
EndProject
Project("{FAE04EC0-301F-11D3-BF4B-00C04F79EFBC}") = "Day 11 Repeat", "Day 11 Repeat\Day 11 Repeat.csproj", "{D91EDCCF-ABF8-4A0A-87BC-B0609FD2B3BF}"
EndProject
Project("{FAE04EC0-301F-11D3-BF4B-00C04F79EFBC}") = "Day 11", "Day 11\Day 11.csproj", "{A56354D6-2E68-43D3-B3C5-74956C49E3E6}"
EndProject
Project("{FAE04EC0-301F-11D3-BF4B-00C04F79EFBC}") = "Day 12 Repeat", "Day 12 Repeat\Day 12 Repeat.csproj", "{BFA82D4A-8EE8-4A8F-A407-B93C46529C58}"
EndProject
Project("{FAE04EC0-301F-11D3-BF4B-00C04F79EFBC}") = "Day 12", "Day 12\Day 12.csproj", "{6F6337AC-8FB2-4171-B949-91E2A7228C22}"
EndProject
Project("{FAE04EC0-301F-11D3-BF4B-00C04F79EFBC}") = "Day 13 Repeat", "Day 13 Repeat\Day 13 Repeat.csproj", "{EEDF28F1-865A-469A-86D9-9B6B6394C13D}"
EndProject
Project("{FAE04EC0-301F-11D3-BF4B-00C04F79EFBC}") = "Day 13", "Day 13\Day 13.csproj", "{3436E78F-ED3F-4479-86B8-19FDF92C49AE}"
EndProject
Project("{FAE04EC0-301F-11D3-BF4B-00C04F79EFBC}") = "Day 14 Repeat", "Day 14 Repeat\Day 14 Repeat.csproj", "{4783C78E-FFB5-4949-B004-246BF9F128AC}"
EndProject
Project("{FAE04EC0-301F-11D3-BF4B-00C04F79EFBC}") = "Day 14", "Day 14\Day 14.csproj", "{8EECEFAC-F8AB-4D8E-8491-9F2A0E0496DB}"
EndProject
Project("{2150E333-8FDC-42A3-9474-1A3956D46DE8}") = "2.0", "2.0", "{C06C428E-D973-49E9-B85D-D786F020B175}"
EndProject
Project("{FAE04EC0-301F-11D3-BF4B-00C04F79EFBC}") = "My", "My\My.csproj", "{741E3844-2189-4938-9002-9F1BEB3A2D56}"
EndProject
Global
	GlobalSection(SolutionConfigurationPlatforms) = preSolution
		Debug|Any CPU = Debug|Any CPU
		Release|Any CPU = Release|Any CPU
	EndGlobalSection
	GlobalSection(ProjectConfigurationPlatforms) = postSolution
		{B000D8ED-B0C1-44B2-A7BF-7401CFFA4A0B}.Debug|Any CPU.ActiveCfg = Debug|Any CPU
		{B000D8ED-B0C1-44B2-A7BF-7401CFFA4A0B}.Debug|Any CPU.Build.0 = Debug|Any CPU
		{B000D8ED-B0C1-44B2-A7BF-7401CFFA4A0B}.Release|Any CPU.ActiveCfg = Release|Any CPU
		{B000D8ED-B0C1-44B2-A7BF-7401CFFA4A0B}.Release|Any CPU.Build.0 = Release|Any CPU
		{8DE3905C-EE54-49B5-9A83-D66E5A63E63D}.Debug|Any CPU.ActiveCfg = Debug|Any CPU
		{8DE3905C-EE54-49B5-9A83-D66E5A63E63D}.Debug|Any CPU.Build.0 = Debug|Any CPU
		{8DE3905C-EE54-49B5-9A83-D66E5A63E63D}.Release|Any CPU.ActiveCfg = Release|Any CPU
		{8DE3905C-EE54-49B5-9A83-D66E5A63E63D}.Release|Any CPU.Build.0 = Release|Any CPU
		{100FB439-E8CC-46E6-8FC1-B84F6775486E}.Debug|Any CPU.ActiveCfg = Debug|Any CPU
		{100FB439-E8CC-46E6-8FC1-B84F6775486E}.Debug|Any CPU.Build.0 = Debug|Any CPU
		{100FB439-E8CC-46E6-8FC1-B84F6775486E}.Release|Any CPU.ActiveCfg = Release|Any CPU
		{100FB439-E8CC-46E6-8FC1-B84F6775486E}.Release|Any CPU.Build.0 = Release|Any CPU
		{3F4CED3B-91D9-4A51-9387-56BC29F495C8}.Debug|Any CPU.ActiveCfg = Debug|Any CPU
		{3F4CED3B-91D9-4A51-9387-56BC29F495C8}.Debug|Any CPU.Build.0 = Debug|Any CPU
		{3F4CED3B-91D9-4A51-9387-56BC29F495C8}.Release|Any CPU.ActiveCfg = Release|Any CPU
		{3F4CED3B-91D9-4A51-9387-56BC29F495C8}.Release|Any CPU.Build.0 = Release|Any CPU
		{35D7D5D2-1E98-468E-86B3-3B99C9D72AD8}.Debug|Any CPU.ActiveCfg = Debug|Any CPU
		{35D7D5D2-1E98-468E-86B3-3B99C9D72AD8}.Debug|Any CPU.Build.0 = Debug|Any CPU
		{35D7D5D2-1E98-468E-86B3-3B99C9D72AD8}.Release|Any CPU.ActiveCfg = Release|Any CPU
		{35D7D5D2-1E98-468E-86B3-3B99C9D72AD8}.Release|Any CPU.Build.0 = Release|Any CPU
		{1969FCE4-7885-49C2-830F-72657260B70B}.Debug|Any CPU.ActiveCfg = Debug|Any CPU
		{1969FCE4-7885-49C2-830F-72657260B70B}.Debug|Any CPU.Build.0 = Debug|Any CPU
		{1969FCE4-7885-49C2-830F-72657260B70B}.Release|Any CPU.ActiveCfg = Release|Any CPU
		{1969FCE4-7885-49C2-830F-72657260B70B}.Release|Any CPU.Build.0 = Release|Any CPU
		{F13E1E61-145C-4811-A744-E819DCAD9CCE}.Debug|Any CPU.ActiveCfg = Debug|Any CPU
		{F13E1E61-145C-4811-A744-E819DCAD9CCE}.Debug|Any CPU.Build.0 = Debug|Any CPU
		{F13E1E61-145C-4811-A744-E819DCAD9CCE}.Release|Any CPU.ActiveCfg = Release|Any CPU
		{F13E1E61-145C-4811-A744-E819DCAD9CCE}.Release|Any CPU.Build.0 = Release|Any CPU
		{7D97E169-989F-4624-9A69-82C27989E62D}.Debug|Any CPU.ActiveCfg = Debug|Any CPU
		{7D97E169-989F-4624-9A69-82C27989E62D}.Debug|Any CPU.Build.0 = Debug|Any CPU
		{7D97E169-989F-4624-9A69-82C27989E62D}.Release|Any CPU.ActiveCfg = Release|Any CPU
		{7D97E169-989F-4624-9A69-82C27989E62D}.Release|Any CPU.Build.0 = Release|Any CPU
		{D9D6B6FB-129A-4003-A048-F05D0BB7FDA2}.Debug|Any CPU.ActiveCfg = Debug|Any CPU
		{D9D6B6FB-129A-4003-A048-F05D0BB7FDA2}.Debug|Any CPU.Build.0 = Debug|Any CPU
		{D9D6B6FB-129A-4003-A048-F05D0BB7FDA2}.Release|Any CPU.ActiveCfg = Release|Any CPU
		{D9D6B6FB-129A-4003-A048-F05D0BB7FDA2}.Release|Any CPU.Build.0 = Release|Any CPU
		{DFF92C4F-8D6E-4060-AD56-9D6F6DC2EE12}.Debug|Any CPU.ActiveCfg = Debug|Any CPU
		{DFF92C4F-8D6E-4060-AD56-9D6F6DC2EE12}.Debug|Any CPU.Build.0 = Debug|Any CPU
		{DFF92C4F-8D6E-4060-AD56-9D6F6DC2EE12}.Release|Any CPU.ActiveCfg = Release|Any CPU
		{DFF92C4F-8D6E-4060-AD56-9D6F6DC2EE12}.Release|Any CPU.Build.0 = Release|Any CPU
		{302B7DE6-C495-4032-985E-2ADD684FF93C}.Debug|Any CPU.ActiveCfg = Debug|Any CPU
		{302B7DE6-C495-4032-985E-2ADD684FF93C}.Debug|Any CPU.Build.0 = Debug|Any CPU
		{302B7DE6-C495-4032-985E-2ADD684FF93C}.Release|Any CPU.ActiveCfg = Release|Any CPU
		{302B7DE6-C495-4032-985E-2ADD684FF93C}.Release|Any CPU.Build.0 = Release|Any CPU
		{77807C02-5D37-4FBE-BA3B-8ECA21BBC002}.Debug|Any CPU.ActiveCfg = Debug|Any CPU
		{77807C02-5D37-4FBE-BA3B-8ECA21BBC002}.Debug|Any CPU.Build.0 = Debug|Any CPU
		{77807C02-5D37-4FBE-BA3B-8ECA21BBC002}.Release|Any CPU.ActiveCfg = Release|Any CPU
		{77807C02-5D37-4FBE-BA3B-8ECA21BBC002}.Release|Any CPU.Build.0 = Release|Any CPU
		{A679E5B8-C52C-46CB-A72A-12FDFA925E89}.Debug|Any CPU.ActiveCfg = Debug|Any CPU
		{A679E5B8-C52C-46CB-A72A-12FDFA925E89}.Debug|Any CPU.Build.0 = Debug|Any CPU
		{A679E5B8-C52C-46CB-A72A-12FDFA925E89}.Release|Any CPU.ActiveCfg = Release|Any CPU
		{A679E5B8-C52C-46CB-A72A-12FDFA925E89}.Release|Any CPU.Build.0 = Release|Any CPU
		{4EFE9B5C-F88D-4122-8832-707D3E87FCAA}.Debug|Any CPU.ActiveCfg = Debug|Any CPU
		{4EFE9B5C-F88D-4122-8832-707D3E87FCAA}.Debug|Any CPU.Build.0 = Debug|Any CPU
		{4EFE9B5C-F88D-4122-8832-707D3E87FCAA}.Release|Any CPU.ActiveCfg = Release|Any CPU
		{4EFE9B5C-F88D-4122-8832-707D3E87FCAA}.Release|Any CPU.Build.0 = Release|Any CPU
		{D91EDCCF-ABF8-4A0A-87BC-B0609FD2B3BF}.Debug|Any CPU.ActiveCfg = Debug|Any CPU
		{D91EDCCF-ABF8-4A0A-87BC-B0609FD2B3BF}.Debug|Any CPU.Build.0 = Debug|Any CPU
		{D91EDCCF-ABF8-4A0A-87BC-B0609FD2B3BF}.Release|Any CPU.ActiveCfg = Release|Any CPU
		{D91EDCCF-ABF8-4A0A-87BC-B0609FD2B3BF}.Release|Any CPU.Build.0 = Release|Any CPU
		{A56354D6-2E68-43D3-B3C5-74956C49E3E6}.Debug|Any CPU.ActiveCfg = Debug|Any CPU
		{A56354D6-2E68-43D3-B3C5-74956C49E3E6}.Debug|Any CPU.Build.0 = Debug|Any CPU
		{A56354D6-2E68-43D3-B3C5-74956C49E3E6}.Release|Any CPU.ActiveCfg = Release|Any CPU
		{A56354D6-2E68-43D3-B3C5-74956C49E3E6}.Release|Any CPU.Build.0 = Release|Any CPU
		{BFA82D4A-8EE8-4A8F-A407-B93C46529C58}.Debug|Any CPU.ActiveCfg = Debug|Any CPU
		{BFA82D4A-8EE8-4A8F-A407-B93C46529C58}.Debug|Any CPU.Build.0 = Debug|Any CPU
		{BFA82D4A-8EE8-4A8F-A407-B93C46529C58}.Release|Any CPU.ActiveCfg = Release|Any CPU
		{BFA82D4A-8EE8-4A8F-A407-B93C46529C58}.Release|Any CPU.Build.0 = Release|Any CPU
		{6F6337AC-8FB2-4171-B949-91E2A7228C22}.Debug|Any CPU.ActiveCfg = Debug|Any CPU
		{6F6337AC-8FB2-4171-B949-91E2A7228C22}.Debug|Any CPU.Build.0 = Debug|Any CPU
		{6F6337AC-8FB2-4171-B949-91E2A7228C22}.Release|Any CPU.ActiveCfg = Release|Any CPU
		{6F6337AC-8FB2-4171-B949-91E2A7228C22}.Release|Any CPU.Build.0 = Release|Any CPU
		{EEDF28F1-865A-469A-86D9-9B6B6394C13D}.Debug|Any CPU.ActiveCfg = Debug|Any CPU
		{EEDF28F1-865A-469A-86D9-9B6B6394C13D}.Debug|Any CPU.Build.0 = Debug|Any CPU
		{EEDF28F1-865A-469A-86D9-9B6B6394C13D}.Release|Any CPU.ActiveCfg = Release|Any CPU
		{EEDF28F1-865A-469A-86D9-9B6B6394C13D}.Release|Any CPU.Build.0 = Release|Any CPU
		{3436E78F-ED3F-4479-86B8-19FDF92C49AE}.Debug|Any CPU.ActiveCfg = Debug|Any CPU
		{3436E78F-ED3F-4479-86B8-19FDF92C49AE}.Debug|Any CPU.Build.0 = Debug|Any CPU
		{3436E78F-ED3F-4479-86B8-19FDF92C49AE}.Release|Any CPU.ActiveCfg = Release|Any CPU
		{3436E78F-ED3F-4479-86B8-19FDF92C49AE}.Release|Any CPU.Build.0 = Release|Any CPU
		{4783C78E-FFB5-4949-B004-246BF9F128AC}.Debug|Any CPU.ActiveCfg = Debug|Any CPU
		{4783C78E-FFB5-4949-B004-246BF9F128AC}.Debug|Any CPU.Build.0 = Debug|Any CPU
		{4783C78E-FFB5-4949-B004-246BF9F128AC}.Release|Any CPU.ActiveCfg = Release|Any CPU
		{4783C78E-FFB5-4949-B004-246BF9F128AC}.Release|Any CPU.Build.0 = Release|Any CPU
		{8EECEFAC-F8AB-4D8E-8491-9F2A0E0496DB}.Debug|Any CPU.ActiveCfg = Debug|Any CPU
		{8EECEFAC-F8AB-4D8E-8491-9F2A0E0496DB}.Debug|Any CPU.Build.0 = Debug|Any CPU
		{8EECEFAC-F8AB-4D8E-8491-9F2A0E0496DB}.Release|Any CPU.ActiveCfg = Release|Any CPU
		{8EECEFAC-F8AB-4D8E-8491-9F2A0E0496DB}.Release|Any CPU.Build.0 = Release|Any CPU
		{741E3844-2189-4938-9002-9F1BEB3A2D56}.Debug|Any CPU.ActiveCfg = Debug|Any CPU
		{741E3844-2189-4938-9002-9F1BEB3A2D56}.Debug|Any CPU.Build.0 = Debug|Any CPU
		{741E3844-2189-4938-9002-9F1BEB3A2D56}.Release|Any CPU.ActiveCfg = Release|Any CPU
		{741E3844-2189-4938-9002-9F1BEB3A2D56}.Release|Any CPU.Build.0 = Release|Any CPU
	EndGlobalSection
	GlobalSection(SolutionProperties) = preSolution
		HideSolutionNode = FALSE
	EndGlobalSection
	GlobalSection(NestedProjects) = preSolution
		{8DE3905C-EE54-49B5-9A83-D66E5A63E63D} = {3F4EF25C-43E8-4FEB-835B-5932DF2F1DCF}
		{100FB439-E8CC-46E6-8FC1-B84F6775486E} = {5FB878FA-C988-418C-AD99-1CCA6473E293}
		{3F4CED3B-91D9-4A51-9387-56BC29F495C8} = {3F4EF25C-43E8-4FEB-835B-5932DF2F1DCF}
		{35D7D5D2-1E98-468E-86B3-3B99C9D72AD8} = {3F4EF25C-43E8-4FEB-835B-5932DF2F1DCF}
		{1969FCE4-7885-49C2-830F-72657260B70B} = {5FB878FA-C988-418C-AD99-1CCA6473E293}
		{F13E1E61-145C-4811-A744-E819DCAD9CCE} = {5FB878FA-C988-418C-AD99-1CCA6473E293}
		{7D97E169-989F-4624-9A69-82C27989E62D} = {5FB878FA-C988-418C-AD99-1CCA6473E293}
		{D9D6B6FB-129A-4003-A048-F05D0BB7FDA2} = {3F4EF25C-43E8-4FEB-835B-5932DF2F1DCF}
		{DFF92C4F-8D6E-4060-AD56-9D6F6DC2EE12} = {3F4EF25C-43E8-4FEB-835B-5932DF2F1DCF}
		{302B7DE6-C495-4032-985E-2ADD684FF93C} = {3F4EF25C-43E8-4FEB-835B-5932DF2F1DCF}
		{77807C02-5D37-4FBE-BA3B-8ECA21BBC002} = {3F4EF25C-43E8-4FEB-835B-5932DF2F1DCF}
		{A679E5B8-C52C-46CB-A72A-12FDFA925E89} = {3F4EF25C-43E8-4FEB-835B-5932DF2F1DCF}
		{4EFE9B5C-F88D-4122-8832-707D3E87FCAA} = {3F4EF25C-43E8-4FEB-835B-5932DF2F1DCF}
		{D91EDCCF-ABF8-4A0A-87BC-B0609FD2B3BF} = {5FB878FA-C988-418C-AD99-1CCA6473E293}
		{A56354D6-2E68-43D3-B3C5-74956C49E3E6} = {3F4EF25C-43E8-4FEB-835B-5932DF2F1DCF}
		{BFA82D4A-8EE8-4A8F-A407-B93C46529C58} = {5FB878FA-C988-418C-AD99-1CCA6473E293}
		{6F6337AC-8FB2-4171-B949-91E2A7228C22} = {3F4EF25C-43E8-4FEB-835B-5932DF2F1DCF}
		{EEDF28F1-865A-469A-86D9-9B6B6394C13D} = {5FB878FA-C988-418C-AD99-1CCA6473E293}
		{3436E78F-ED3F-4479-86B8-19FDF92C49AE} = {3F4EF25C-43E8-4FEB-835B-5932DF2F1DCF}
		{4783C78E-FFB5-4949-B004-246BF9F128AC} = {5FB878FA-C988-418C-AD99-1CCA6473E293}
		{8EECEFAC-F8AB-4D8E-8491-9F2A0E0496DB} = {3F4EF25C-43E8-4FEB-835B-5932DF2F1DCF}
		{741E3844-2189-4938-9002-9F1BEB3A2D56} = {C06C428E-D973-49E9-B85D-D786F020B175}
	EndGlobalSection
EndGlobal
